// !$*UTF8*$!
{
	archiveVersion = 1;
	classes = {
	};
	objectVersion = 50;
	objects = {

/* Begin PBXBuildFile section */
		5C2E01C9238E8BC40063B3B1 /* AppDelegate.swift in Sources */ = {isa = PBXBuildFile; fileRef = 5C2E01C8238E8BC40063B3B1 /* AppDelegate.swift */; };
		5C2E01CB238E8BC40063B3B1 /* SceneDelegate.swift in Sources */ = {isa = PBXBuildFile; fileRef = 5C2E01CA238E8BC40063B3B1 /* SceneDelegate.swift */; };
		5C2E01CD238E8BC40063B3B1 /* ViewController.swift in Sources */ = {isa = PBXBuildFile; fileRef = 5C2E01CC238E8BC40063B3B1 /* ViewController.swift */; };
		5C2E01D0238E8BC40063B3B1 /* Main.storyboard in Resources */ = {isa = PBXBuildFile; fileRef = 5C2E01CE238E8BC40063B3B1 /* Main.storyboard */; };
		5C2E01D2238E8BC60063B3B1 /* Assets.xcassets in Resources */ = {isa = PBXBuildFile; fileRef = 5C2E01D1238E8BC60063B3B1 /* Assets.xcassets */; };
		5C2E01D5238E8BC60063B3B1 /* LaunchScreen.storyboard in Resources */ = {isa = PBXBuildFile; fileRef = 5C2E01D3238E8BC60063B3B1 /* LaunchScreen.storyboard */; };
		5C2E01E0238E8BC60063B3B1 /* testUBikeTests.swift in Sources */ = {isa = PBXBuildFile; fileRef = 5C2E01DF238E8BC60063B3B1 /* testUBikeTests.swift */; };
		5C2E01EB238E8BC60063B3B1 /* testUBikeUITests.swift in Sources */ = {isa = PBXBuildFile; fileRef = 5C2E01EA238E8BC60063B3B1 /* testUBikeUITests.swift */; };
/* End PBXBuildFile section */

/* Begin PBXContainerItemProxy section */
		5C2E01DC238E8BC60063B3B1 /* PBXContainerItemProxy */ = {
			isa = PBXContainerItemProxy;
			containerPortal = 5C2E01BD238E8BC40063B3B1 /* Project object */;
			proxyType = 1;
			remoteGlobalIDString = 5C2E01C4238E8BC40063B3B1;
			remoteInfo = testUBike;
		};
		5C2E01E7238E8BC60063B3B1 /* PBXContainerItemProxy */ = {
			isa = PBXContainerItemProxy;
			containerPortal = 5C2E01BD238E8BC40063B3B1 /* Project object */;
			proxyType = 1;
			remoteGlobalIDString = 5C2E01C4238E8BC40063B3B1;
			remoteInfo = testUBike;
		};
/* End PBXContainerItemProxy section */

/* Begin PBXFileReference section */
		5C2E01C5238E8BC40063B3B1 /* testUBike.app */ = {isa = PBXFileReference; explicitFileType = wrapper.application; includeInIndex = 0; path = testUBike.app; sourceTree = BUILT_PRODUCTS_DIR; };
		5C2E01C8238E8BC40063B3B1 /* AppDelegate.swift */ = {isa = PBXFileReference; lastKnownFileType = sourcecode.swift; path = AppDelegate.swift; sourceTree = "<group>"; };
		5C2E01CA238E8BC40063B3B1 /* SceneDelegate.swift */ = {isa = PBXFileReference; lastKnownFileType = sourcecode.swift; path = SceneDelegate.swift; sourceTree = "<group>"; };
		5C2E01CC238E8BC40063B3B1 /* ViewController.swift */ = {isa = PBXFileReference; lastKnownFileType = sourcecode.swift; path = ViewController.swift; sourceTree = "<group>"; };
		5C2E01CF238E8BC40063B3B1 /* Base */ = {isa = PBXFileReference; lastKnownFileType = file.storyboard; name = Base; path = Base.lproj/Main.storyboard; sourceTree = "<group>"; };
		5C2E01D1238E8BC60063B3B1 /* Assets.xcassets */ = {isa = PBXFileReference; lastKnownFileType = folder.assetcatalog; path = Assets.xcassets; sourceTree = "<group>"; };
		5C2E01D4238E8BC60063B3B1 /* Base */ = {isa = PBXFileReference; lastKnownFileType = file.storyboard; name = Base; path = Base.lproj/LaunchScreen.storyboard; sourceTree = "<group>"; };
		5C2E01D6238E8BC60063B3B1 /* Info.plist */ = {isa = PBXFileReference; lastKnownFileType = text.plist.xml; path = Info.plist; sourceTree = "<group>"; };
		5C2E01DB238E8BC60063B3B1 /* testUBikeTests.xctest */ = {isa = PBXFileReference; explicitFileType = wrapper.cfbundle; includeInIndex = 0; path = testUBikeTests.xctest; sourceTree = BUILT_PRODUCTS_DIR; };
		5C2E01DF238E8BC60063B3B1 /* testUBikeTests.swift */ = {isa = PBXFileReference; lastKnownFileType = sourcecode.swift; path = testUBikeTests.swift; sourceTree = "<group>"; };
		5C2E01E1238E8BC60063B3B1 /* Info.plist */ = {isa = PBXFileReference; lastKnownFileType = text.plist.xml; path = Info.plist; sourceTree = "<group>"; };
		5C2E01E6238E8BC60063B3B1 /* testUBikeUITests.xctest */ = {isa = PBXFileReference; explicitFileType = wrapper.cfbundle; includeInIndex = 0; path = testUBikeUITests.xctest; sourceTree = BUILT_PRODUCTS_DIR; };
		5C2E01EA238E8BC60063B3B1 /* testUBikeUITests.swift */ = {isa = PBXFileReference; lastKnownFileType = sourcecode.swift; path = testUBikeUITests.swift; sourceTree = "<group>"; };
		5C2E01EC238E8BC60063B3B1 /* Info.plist */ = {isa = PBXFileReference; lastKnownFileType = text.plist.xml; path = Info.plist; sourceTree = "<group>"; };
/* End PBXFileReference section */

/* Begin PBXFrameworksBuildPhase section */
		5C2E01C2238E8BC40063B3B1 /* Frameworks */ = {
			isa = PBXFrameworksBuildPhase;
			buildActionMask = 2147483647;
			files = (
			);
			runOnlyForDeploymentPostprocessing = 0;
		};
		5C2E01D8238E8BC60063B3B1 /* Frameworks */ = {
			isa = PBXFrameworksBuildPhase;
			buildActionMask = 2147483647;
			files = (
			);
			runOnlyForDeploymentPostprocessing = 0;
		};
		5C2E01E3238E8BC60063B3B1 /* Frameworks */ = {
			isa = PBXFrameworksBuildPhase;
			buildActionMask = 2147483647;
			files = (
			);
			runOnlyForDeploymentPostprocessing = 0;
		};
/* End PBXFrameworksBuildPhase section */

/* Begin PBXGroup section */
		5C2E01BC238E8BC40063B3B1 = {
			isa = PBXGroup;
			children = (
				5C2E01C7238E8BC40063B3B1 /* testUBike */,
				5C2E01DE238E8BC60063B3B1 /* testUBikeTests */,
				5C2E01E9238E8BC60063B3B1 /* testUBikeUITests */,
				5C2E01C6238E8BC40063B3B1 /* Products */,
			);
			sourceTree = "<group>";
		};
		5C2E01C6238E8BC40063B3B1 /* Products */ = {
			isa = PBXGroup;
			children = (
				5C2E01C5238E8BC40063B3B1 /* testUBike.app */,
				5C2E01DB238E8BC60063B3B1 /* testUBikeTests.xctest */,
				5C2E01E6238E8BC60063B3B1 /* testUBikeUITests.xctest */,
			);
			name = Products;
			sourceTree = "<group>";
		};
		5C2E01C7238E8BC40063B3B1 /* testUBike */ = {
			isa = PBXGroup;
			children = (
				5C2E01C8238E8BC40063B3B1 /* AppDelegate.swift */,
				5C2E01CA238E8BC40063B3B1 /* SceneDelegate.swift */,
				5C2E01CC238E8BC40063B3B1 /* ViewController.swift */,
				5C2E01CE238E8BC40063B3B1 /* Main.storyboard */,
				5C2E01D1238E8BC60063B3B1 /* Assets.xcassets */,
				5C2E01D3238E8BC60063B3B1 /* LaunchScreen.storyboard */,
				5C2E01D6238E8BC60063B3B1 /* Info.plist */,
			);
			path = testUBike;
			sourceTree = "<group>";
		};
		5C2E01DE238E8BC60063B3B1 /* testUBikeTests */ = {
			isa = PBXGroup;
			children = (
				5C2E01DF238E8BC60063B3B1 /* testUBikeTests.swift */,
				5C2E01E1238E8BC60063B3B1 /* Info.plist */,
			);
			path = testUBikeTests;
			sourceTree = "<group>";
		};
		5C2E01E9238E8BC60063B3B1 /* testUBikeUITests */ = {
			isa = PBXGroup;
			children = (
				5C2E01EA238E8BC60063B3B1 /* testUBikeUITests.swift */,
				5C2E01EC238E8BC60063B3B1 /* Info.plist */,
			);
			path = testUBikeUITests;
			sourceTree = "<group>";
		};
/* End PBXGroup section */

/* Begin PBXNativeTarget section */
		5C2E01C4238E8BC40063B3B1 /* testUBike */ = {
			isa = PBXNativeTarget;
			buildConfigurationList = 5C2E01EF238E8BC60063B3B1 /* Build configuration list for PBXNativeTarget "testUBike" */;
			buildPhases = (
				5C2E01C1238E8BC40063B3B1 /* Sources */,
				5C2E01C2238E8BC40063B3B1 /* Frameworks */,
				5C2E01C3238E8BC40063B3B1 /* Resources */,
			);
			buildRules = (
			);
			dependencies = (
			);
			name = testUBike;
			productName = testUBike;
			productReference = 5C2E01C5238E8BC40063B3B1 /* testUBike.app */;
			productType = "com.apple.product-type.application";
		};
		5C2E01DA238E8BC60063B3B1 /* testUBikeTests */ = {
			isa = PBXNativeTarget;
			buildConfigurationList = 5C2E01F2238E8BC60063B3B1 /* Build configuration list for PBXNativeTarget "testUBikeTests" */;
			buildPhases = (
				5C2E01D7238E8BC60063B3B1 /* Sources */,
				5C2E01D8238E8BC60063B3B1 /* Frameworks */,
				5C2E01D9238E8BC60063B3B1 /* Resources */,
			);
			buildRules = (
			);
			dependencies = (
				5C2E01DD238E8BC60063B3B1 /* PBXTargetDependency */,
			);
			name = testUBikeTests;
			productName = testUBikeTests;
			productReference = 5C2E01DB238E8BC60063B3B1 /* testUBikeTests.xctest */;
			productType = "com.apple.product-type.bundle.unit-test";
		};
		5C2E01E5238E8BC60063B3B1 /* testUBikeUITests */ = {
			isa = PBXNativeTarget;
			buildConfigurationList = 5C2E01F5238E8BC60063B3B1 /* Build configuration list for PBXNativeTarget "testUBikeUITests" */;
			buildPhases = (
				5C2E01E2238E8BC60063B3B1 /* Sources */,
				5C2E01E3238E8BC60063B3B1 /* Frameworks */,
				5C2E01E4238E8BC60063B3B1 /* Resources */,
			);
			buildRules = (
			);
			dependencies = (
				5C2E01E8238E8BC60063B3B1 /* PBXTargetDependency */,
			);
			name = testUBikeUITests;
			productName = testUBikeUITests;
			productReference = 5C2E01E6238E8BC60063B3B1 /* testUBikeUITests.xctest */;
			productType = "com.apple.product-type.bundle.ui-testing";
		};
/* End PBXNativeTarget section */

/* Begin PBXProject section */
		5C2E01BD238E8BC40063B3B1 /* Project object */ = {
			isa = PBXProject;
			attributes = {
				LastSwiftUpdateCheck = 1100;
				LastUpgradeCheck = 1100;
				ORGANIZATIONNAME = "yu-syue huang";
				TargetAttributes = {
					5C2E01C4238E8BC40063B3B1 = {
						CreatedOnToolsVersion = 11.0;
					};
					5C2E01DA238E8BC60063B3B1 = {
						CreatedOnToolsVersion = 11.0;
						TestTargetID = 5C2E01C4238E8BC40063B3B1;
					};
					5C2E01E5238E8BC60063B3B1 = {
						CreatedOnToolsVersion = 11.0;
						TestTargetID = 5C2E01C4238E8BC40063B3B1;
					};
				};
			};
			buildConfigurationList = 5C2E01C0238E8BC40063B3B1 /* Build configuration list for PBXProject "testUBike" */;
			compatibilityVersion = "Xcode 9.3";
			developmentRegion = en;
			hasScannedForEncodings = 0;
			knownRegions = (
				en,
				Base,
			);
			mainGroup = 5C2E01BC238E8BC40063B3B1;
			productRefGroup = 5C2E01C6238E8BC40063B3B1 /* Products */;
			projectDirPath = "";
			projectRoot = "";
			targets = (
				5C2E01C4238E8BC40063B3B1 /* testUBike */,
				5C2E01DA238E8BC60063B3B1 /* testUBikeTests */,
				5C2E01E5238E8BC60063B3B1 /* testUBikeUITests */,
			);
		};
/* End PBXProject section */

/* Begin PBXResourcesBuildPhase section */
		5C2E01C3238E8BC40063B3B1 /* Resources */ = {
			isa = PBXResourcesBuildPhase;
			buildActionMask = 2147483647;
			files = (
				5C2E01D5238E8BC60063B3B1 /* LaunchScreen.storyboard in Resources */,
				5C2E01D2238E8BC60063B3B1 /* Assets.xcassets in Resources */,
				5C2E01D0238E8BC40063B3B1 /* Main.storyboard in Resources */,
			);
			runOnlyForDeploymentPostprocessing = 0;
		};
		5C2E01D9238E8BC60063B3B1 /* Resources */ = {
			isa = PBXResourcesBuildPhase;
			buildActionMask = 2147483647;
			files = (
			);
			runOnlyForDeploymentPostprocessing = 0;
		};
		5C2E01E4238E8BC60063B3B1 /* Resources */ = {
			isa = PBXResourcesBuildPhase;
			buildActionMask = 2147483647;
			files = (
			);
			runOnlyForDeploymentPostprocessing = 0;
		};
/* End PBXResourcesBuildPhase section */

/* Begin PBXSourcesBuildPhase section */
		5C2E01C1238E8BC40063B3B1 /* Sources */ = {
			isa = PBXSourcesBuildPhase;
			buildActionMask = 2147483647;
			files = (
				5C2E01CD238E8BC40063B3B1 /* ViewController.swift in Sources */,
				5C2E01C9238E8BC40063B3B1 /* AppDelegate.swift in Sources */,
				5C2E01CB238E8BC40063B3B1 /* SceneDelegate.swift in Sources */,
			);
			runOnlyForDeploymentPostprocessing = 0;
		};
		5C2E01D7238E8BC60063B3B1 /* Sources */ = {
			isa = PBXSourcesBuildPhase;
			buildActionMask = 2147483647;
			files = (
				5C2E01E0238E8BC60063B3B1 /* testUBikeTests.swift in Sources */,
			);
			runOnlyForDeploymentPostprocessing = 0;
		};
		5C2E01E2238E8BC60063B3B1 /* Sources */ = {
			isa = PBXSourcesBuildPhase;
			buildActionMask = 2147483647;
			files = (
				5C2E01EB238E8BC60063B3B1 /* testUBikeUITests.swift in Sources */,
			);
			runOnlyForDeploymentPostprocessing = 0;
		};
/* End PBXSourcesBuildPhase section */

/* Begin PBXTargetDependency section */
		5C2E01DD238E8BC60063B3B1 /* PBXTargetDependency */ = {
			isa = PBXTargetDependency;
			target = 5C2E01C4238E8BC40063B3B1 /* testUBike */;
			targetProxy = 5C2E01DC238E8BC60063B3B1 /* PBXContainerItemProxy */;
		};
		5C2E01E8238E8BC60063B3B1 /* PBXTargetDependency */ = {
			isa = PBXTargetDependency;
			target = 5C2E01C4238E8BC40063B3B1 /* testUBike */;
			targetProxy = 5C2E01E7238E8BC60063B3B1 /* PBXContainerItemProxy */;
		};
/* End PBXTargetDependency section */

/* Begin PBXVariantGroup section */
		5C2E01CE238E8BC40063B3B1 /* Main.storyboard */ = {
			isa = PBXVariantGroup;
			children = (
				5C2E01CF238E8BC40063B3B1 /* Base */,
			);
			name = Main.storyboard;
			sourceTree = "<group>";
		};
		5C2E01D3238E8BC60063B3B1 /* LaunchScreen.storyboard */ = {
			isa = PBXVariantGroup;
			children = (
				5C2E01D4238E8BC60063B3B1 /* Base */,
			);
			name = LaunchScreen.storyboard;
			sourceTree = "<group>";
		};
/* End PBXVariantGroup section */

/* Begin XCBuildConfiguration section */
		5C2E01ED238E8BC60063B3B1 /* Debug */ = {
			isa = XCBuildConfiguration;
			buildSettings = {
				ALWAYS_SEARCH_USER_PATHS = NO;
				CLANG_ANALYZER_NONNULL = YES;
				CLANG_ANALYZER_NUMBER_OBJECT_CONVERSION = YES_AGGRESSIVE;
				CLANG_CXX_LANGUAGE_STANDARD = "gnu++14";
				CLANG_CXX_LIBRARY = "libc++";
				CLANG_ENABLE_MODULES = YES;
				CLANG_ENABLE_OBJC_ARC = YES;
				CLANG_ENABLE_OBJC_WEAK = YES;
				CLANG_WARN_BLOCK_CAPTURE_AUTORELEASING = YES;
				CLANG_WARN_BOOL_CONVERSION = YES;
				CLANG_WARN_COMMA = YES;
				CLANG_WARN_CONSTANT_CONVERSION = YES;
				CLANG_WARN_DEPRECATED_OBJC_IMPLEMENTATIONS = YES;
				CLANG_WARN_DIRECT_OBJC_ISA_USAGE = YES_ERROR;
				CLANG_WARN_DOCUMENTATION_COMMENTS = YES;
				CLANG_WARN_EMPTY_BODY = YES;
				CLANG_WARN_ENUM_CONVERSION = YES;
				CLANG_WARN_INFINITE_RECURSION = YES;
				CLANG_WARN_INT_CONVERSION = YES;
				CLANG_WARN_NON_LITERAL_NULL_CONVERSION = YES;
				CLANG_WARN_OBJC_IMPLICIT_RETAIN_SELF = YES;
				CLANG_WARN_OBJC_LITERAL_CONVERSION = YES;
				CLANG_WARN_OBJC_ROOT_CLASS = YES_ERROR;
				CLANG_WARN_RANGE_LOOP_ANALYSIS = YES;
				CLANG_WARN_STRICT_PROTOTYPES = YES;
				CLANG_WARN_SUSPICIOUS_MOVE = YES;
				CLANG_WARN_UNGUARDED_AVAILABILITY = YES_AGGRESSIVE;
				CLANG_WARN_UNREACHABLE_CODE = YES;
				CLANG_WARN__DUPLICATE_METHOD_MATCH = YES;
				COPY_PHASE_STRIP = NO;
				DEBUG_INFORMATION_FORMAT = dwarf;
				ENABLE_STRICT_OBJC_MSGSEND = YES;
				ENABLE_TESTABILITY = YES;
				GCC_C_LANGUAGE_STANDARD = gnu11;
				GCC_DYNAMIC_NO_PIC = NO;
				GCC_NO_COMMON_BLOCKS = YES;
				GCC_OPTIMIZATION_LEVEL = 0;
				GCC_PREPROCESSOR_DEFINITIONS = (
					"DEBUG=1",
					"$(inherited)",
				);
				GCC_WARN_64_TO_32_BIT_CONVERSION = YES;
				GCC_WARN_ABOUT_RETURN_TYPE = YES_ERROR;
				GCC_WARN_UNDECLARED_SELECTOR = YES;
				GCC_WARN_UNINITIALIZED_AUTOS = YES_AGGRESSIVE;
				GCC_WARN_UNUSED_FUNCTION = YES;
				GCC_WARN_UNUSED_VARIABLE = YES;
				IPHONEOS_DEPLOYMENT_TARGET = 13.0;
				MTL_ENABLE_DEBUG_INFO = INCLUDE_SOURCE;
				MTL_FAST_MATH = YES;
				ONLY_ACTIVE_ARCH = YES;
				SDKROOT = iphoneos;
				SWIFT_ACTIVE_COMPILATION_CONDITIONS = DEBUG;
				SWIFT_OPTIMIZATION_LEVEL = "-Onone";
			};
			name = Debug;
		};
		5C2E01EE238E8BC60063B3B1 /* Release */ = {
			isa = XCBuildConfiguration;
			buildSettings = {
				ALWAYS_SEARCH_USER_PATHS = NO;
				CLANG_ANALYZER_NONNULL = YES;
				CLANG_ANALYZER_NUMBER_OBJECT_CONVERSION = YES_AGGRESSIVE;
				CLANG_CXX_LANGUAGE_STANDARD = "gnu++14";
				CLANG_CXX_LIBRARY = "libc++";
				CLANG_ENABLE_MODULES = YES;
				CLANG_ENABLE_OBJC_ARC = YES;
				CLANG_ENABLE_OBJC_WEAK = YES;
				CLANG_WARN_BLOCK_CAPTURE_AUTORELEASING = YES;
				CLANG_WARN_BOOL_CONVERSION = YES;
				CLANG_WARN_COMMA = YES;
				CLANG_WARN_CONSTANT_CONVERSION = YES;
				CLANG_WARN_DEPRECATED_OBJC_IMPLEMENTATIONS = YES;
				CLANG_WARN_DIRECT_OBJC_ISA_USAGE = YES_ERROR;
				CLANG_WARN_DOCUMENTATION_COMMENTS = YES;
				CLANG_WARN_EMPTY_BODY = YES;
				CLANG_WARN_ENUM_CONVERSION = YES;
				CLANG_WARN_INFINITE_RECURSION = YES;
				CLANG_WARN_INT_CONVERSION = YES;
				CLANG_WARN_NON_LITERAL_NULL_CONVERSION = YES;
				CLANG_WARN_OBJC_IMPLICIT_RETAIN_SELF = YES;
				CLANG_WARN_OBJC_LITERAL_CONVERSION = YES;
				CLANG_WARN_OBJC_ROOT_CLASS = YES_ERROR;
				CLANG_WARN_RANGE_LOOP_ANALYSIS = YES;
				CLANG_WARN_STRICT_PROTOTYPES = YES;
				CLANG_WARN_SUSPICIOUS_MOVE = YES;
				CLANG_WARN_UNGUARDED_AVAILABILITY = YES_AGGRESSIVE;
				CLANG_WARN_UNREACHABLE_CODE = YES;
				CLANG_WARN__DUPLICATE_METHOD_MATCH = YES;
				COPY_PHASE_STRIP = NO;
				DEBUG_INFORMATION_FORMAT = "dwarf-with-dsym";
				ENABLE_NS_ASSERTIONS = NO;
				ENABLE_STRICT_OBJC_MSGSEND = YES;
				GCC_C_LANGUAGE_STANDARD = gnu11;
				GCC_NO_COMMON_BLOCKS = YES;
				GCC_WARN_64_TO_32_BIT_CONVERSION = YES;
				GCC_WARN_ABOUT_RETURN_TYPE = YES_ERROR;
				GCC_WARN_UNDECLARED_SELECTOR = YES;
				GCC_WARN_UNINITIALIZED_AUTOS = YES_AGGRESSIVE;
				GCC_WARN_UNUSED_FUNCTION = YES;
				GCC_WARN_UNUSED_VARIABLE = YES;
				IPHONEOS_DEPLOYMENT_TARGET = 13.0;
				MTL_ENABLE_DEBUG_INFO = NO;
				MTL_FAST_MATH = YES;
				SDKROOT = iphoneos;
				SWIFT_COMPILATION_MODE = wholemodule;
				SWIFT_OPTIMIZATION_LEVEL = "-O";
				VALIDATE_PRODUCT = YES;
			};
			name = Release;
		};
		5C2E01F0238E8BC60063B3B1 /* Debug */ = {
			isa = XCBuildConfiguration;
			buildSettings = {
				ASSETCATALOG_COMPILER_APPICON_NAME = AppIcon;
				CODE_SIGN_STYLE = Automatic;
				INFOPLIST_FILE = testUBike/Info.plist;
				LD_RUNPATH_SEARCH_PATHS = (
					"$(inherited)",
					"@executable_path/Frameworks",
				);
				PRODUCT_BUNDLE_IDENTIFIER = com.appapp.testUBike;
				PRODUCT_NAME = "$(TARGET_NAME)";
				SWIFT_VERSION = 5.0;
				TARGETED_DEVICE_FAMILY = "1,2";
			};
			name = Debug;
		};
		5C2E01F1238E8BC60063B3B1 /* Release */ = {
			isa = XCBuildConfiguration;
			buildSettings = {
				ASSETCATALOG_COMPILER_APPICON_NAME = AppIcon;
				CODE_SIGN_STYLE = Automatic;
				INFOPLIST_FILE = testUBike/Info.plist;
				LD_RUNPATH_SEARCH_PATHS = (
					"$(inherited)",
					"@executable_path/Frameworks",
				);
				PRODUCT_BUNDLE_IDENTIFIER = com.appapp.testUBike;
				PRODUCT_NAME = "$(TARGET_NAME)";
				SWIFT_VERSION = 5.0;
				TARGETED_DEVICE_FAMILY = "1,2";
			};
			name = Release;
		};
		5C2E01F3238E8BC60063B3B1 /* Debug */ = {
			isa = XCBuildConfiguration;
			buildSettings = {
				ALWAYS_EMBED_SWIFT_STANDARD_LIBRARIES = YES;
				BUNDLE_LOADER = "$(TEST_HOST)";
				CODE_SIGN_STYLE = Automatic;
				INFOPLIST_FILE = testUBikeTests/Info.plist;
				IPHONEOS_DEPLOYMENT_TARGET = 13.0;
				LD_RUNPATH_SEARCH_PATHS = (
					"$(inherited)",
					"@executable_path/Frameworks",
					"@loader_path/Frameworks",
				);
				PRODUCT_BUNDLE_IDENTIFIER = com.appapp.testUBikeTests;
				PRODUCT_NAME = "$(TARGET_NAME)";
				SWIFT_VERSION = 5.0;
				TARGETED_DEVICE_FAMILY = "1,2";
				TEST_HOST = "$(BUILT_PRODUCTS_DIR)/testUBike.app/testUBike";
			};
			name = Debug;
		};
		5C2E01F4238E8BC60063B3B1 /* Release */ = {
			isa = XCBuildConfiguration;
			buildSettings = {
				ALWAYS_EMBED_SWIFT_STANDARD_LIBRARIES = YES;
				BUNDLE_LOADER = "$(TEST_HOST)";
				CODE_SIGN_STYLE = Automatic;
				INFOPLIST_FILE = testUBikeTests/Info.plist;
				IPHONEOS_DEPLOYMENT_TARGET = 13.0;
				LD_RUNPATH_SEARCH_PATHS = (
					"$(inherited)",
					"@executable_path/Frameworks",
					"@loader_path/Frameworks",
				);
				PRODUCT_BUNDLE_IDENTIFIER = com.appapp.testUBikeTests;
				PRODUCT_NAME = "$(TARGET_NAME)";
				SWIFT_VERSION = 5.0;
				TARGETED_DEVICE_FAMILY = "1,2";
				TEST_HOST = "$(BUILT_PRODUCTS_DIR)/testUBike.app/testUBike";
			};
			name = Release;
		};
		5C2E01F6238E8BC60063B3B1 /* Debug */ = {
			isa = XCBuildConfiguration;
			buildSettings = {
				ALWAYS_EMBED_SWIFT_STANDARD_LIBRARIES = YES;
				CODE_SIGN_STYLE = Automatic;
				INFOPLIST_FILE = testUBikeUITests/Info.plist;
				LD_RUNPATH_SEARCH_PATHS = (
					"$(inherited)",
					"@executable_path/Frameworks",
					"@loader_path/Frameworks",
				);
				PRODUCT_BUNDLE_IDENTIFIER = com.appapp.testUBikeUITests;
				PRODUCT_NAME = "$(TARGET_NAME)";
				SWIFT_VERSION = 5.0;
				TARGETED_DEVICE_FAMILY = "1,2";
				TEST_TARGET_NAME = testUBike;
			};
			name = Debug;
		};
		5C2E01F7238E8BC60063B3B1 /* Release */ = {
			isa = XCBuildConfiguration;
			buildSettings = {
				ALWAYS_EMBED_SWIFT_STANDARD_LIBRARIES = YES;
				CODE_SIGN_STYLE = Automatic;
				INFOPLIST_FILE = testUBikeUITests/Info.plist;
				LD_RUNPATH_SEARCH_PATHS = (
					"$(inherited)",
					"@executable_path/Frameworks",
					"@loader_path/Frameworks",
				);
				PRODUCT_BUNDLE_IDENTIFIER = com.appapp.testUBikeUITests;
				PRODUCT_NAME = "$(TARGET_NAME)";
				SWIFT_VERSION = 5.0;
				TARGETED_DEVICE_FAMILY = "1,2";
				TEST_TARGET_NAME = testUBike;
			};
			name = Release;
		};
/* End XCBuildConfiguration section */

/* Begin XCConfigurationList section */
		5C2E01C0238E8BC40063B3B1 /* Build configuration list for PBXProject "testUBike" */ = {
			isa = XCConfigurationList;
			buildConfigurations = (
				5C2E01ED238E8BC60063B3B1 /* Debug */,
				5C2E01EE238E8BC60063B3B1 /* Release */,
			);
			defaultConfigurationIsVisible = 0;
			defaultConfigurationName = Release;
		};
		5C2E01EF238E8BC60063B3B1 /* Build configuration list for PBXNativeTarget "testUBike" */ = {
			isa = XCConfigurationList;
			buildConfigurations = (
				5C2E01F0238E8BC60063B3B1 /* Debug */,
				5C2E01F1238E8BC60063B3B1 /* Release */,
			);
			defaultConfigurationIsVisible = 0;
			defaultConfigurationName = Release;
		};
		5C2E01F2238E8BC60063B3B1 /* Build configuration list for PBXNativeTarget "testUBikeTests" */ = {
			isa = XCConfigurationList;
			buildConfigurations = (
				5C2E01F3238E8BC60063B3B1 /* Debug */,
				5C2E01F4238E8BC60063B3B1 /* Release */,
			);
			defaultConfigurationIsVisible = 0;
			defaultConfigurationName = Release;
		};
		5C2E01F5238E8BC60063B3B1 /* Build configuration list for PBXNativeTarget "testUBikeUITests" */ = {
			isa = XCConfigurationList;
			buildConfigurations = (
				5C2E01F6238E8BC60063B3B1 /* Debug */,
				5C2E01F7238E8BC60063B3B1 /* Release */,
			);
			defaultConfigurationIsVisible = 0;
			defaultConfigurationName = Release;
		};
/* End XCConfigurationList section */
	};
	rootObject = 5C2E01BD238E8BC40063B3B1 /* Project object */;
}
